
Microsoft Visual Studio Solution File, Format Version 12.00
# Visual Studio Version 17
VisualStudioVersion = 17.7.34031.279
MinimumVisualStudioVersion = 10.0.40219.1
Project("{FAE04EC0-301F-11D3-BF4B-00C04F79EFBC}") = "PruebaInterfaz_1", "PruebaInterfaz_1.csproj", "{EDA64384-8FF0-40BC-BB66-081A776B2D3B}"
EndProject
Global
	GlobalSection(SolutionConfigurationPlatforms) = preSolution
		Debug|Any CPU = Debug|Any CPU
		Release|Any CPU = Release|Any CPU
	EndGlobalSection
	GlobalSection(ProjectConfigurationPlatforms) = postSolution
		{EDA64384-8FF0-40BC-BB66-081A776B2D3B}.Debug|Any CPU.ActiveCfg = Debug|Any CPU
		{EDA64384-8FF0-40BC-BB66-081A776B2D3B}.Debug|Any CPU.Build.0 = Debug|Any CPU
		{EDA64384-8FF0-40BC-BB66-081A776B2D3B}.Release|Any CPU.ActiveCfg = Release|Any CPU
		{EDA64384-8FF0-40BC-BB66-081A776B2D3B}.Release|Any CPU.Build.0 = Release|Any CPU
	EndGlobalSection
	GlobalSection(SolutionProperties) = preSolution
		HideSolutionNode = FALSE
	EndGlobalSection
	GlobalSection(ExtensibilityGlobals) = postSolution
		SolutionGuid = {738602E4-B692-4B6C-B98D-A3FF47F340B0}
	EndGlobalSection
EndGlobal
