
Microsoft Visual Studio Solution File, Format Version 12.00
# Visual Studio Version 17
VisualStudioVersion = 17.7.34031.279
MinimumVisualStudioVersion = 10.0.40219.1
Project("{FAE04EC0-301F-11D3-BF4B-00C04F79EFBC}") = "fibonacciLastDigit", "fibonacciLastDigit.csproj", "{F3A54008-E58E-4486-B6B0-075D45A0FF21}"
EndProject
Global
	GlobalSection(SolutionConfigurationPlatforms) = preSolution
		Debug|Any CPU = Debug|Any CPU
		Release|Any CPU = Release|Any CPU
	EndGlobalSection
	GlobalSection(ProjectConfigurationPlatforms) = postSolution
		{F3A54008-E58E-4486-B6B0-075D45A0FF21}.Debug|Any CPU.ActiveCfg = Debug|Any CPU
		{F3A54008-E58E-4486-B6B0-075D45A0FF21}.Debug|Any CPU.Build.0 = Debug|Any CPU
		{F3A54008-E58E-4486-B6B0-075D45A0FF21}.Release|Any CPU.ActiveCfg = Release|Any CPU
		{F3A54008-E58E-4486-B6B0-075D45A0FF21}.Release|Any CPU.Build.0 = Release|Any CPU
	EndGlobalSection
	GlobalSection(SolutionProperties) = preSolution
		HideSolutionNode = FALSE
	EndGlobalSection
	GlobalSection(ExtensibilityGlobals) = postSolution
		SolutionGuid = {FB1BB1A5-6ECB-4511-B18A-35D2C0F0A487}
	EndGlobalSection
EndGlobal
